// !$*UTF8*$!
{
	archiveVersion = 1;
	classes = {
	};
	objectVersion = 56;
	objects = {

/* Begin PBXBuildFile section */
		109089CC2AA5E587001060A4 /* ProfileTableViewCell.swift in Sources */ = {isa = PBXBuildFile; fileRef = 109089CB2AA5E587001060A4 /* ProfileTableViewCell.swift */; };
		109089CE2AA5F7C4001060A4 /* RecordTableViewCell.swift in Sources */ = {isa = PBXBuildFile; fileRef = 109089CD2AA5F7C4001060A4 /* RecordTableViewCell.swift */; };
		109089D22AA5F87D001060A4 /* LogoutTableViewCell.swift in Sources */ = {isa = PBXBuildFile; fileRef = 109089D12AA5F87D001060A4 /* LogoutTableViewCell.swift */; };
		10BDAD802AA6E3B500DC2F0D /* RecordCollectionViewCell.swift in Sources */ = {isa = PBXBuildFile; fileRef = 10BDAD7F2AA6E3B500DC2F0D /* RecordCollectionViewCell.swift */; };
		10BDAD882AA751F400DC2F0D /* Margin.swift in Sources */ = {isa = PBXBuildFile; fileRef = 10BDAD872AA751F400DC2F0D /* Margin.swift */; };
		18D262392AA796E300652695 /* CommentTableViewCell.swift in Sources */ = {isa = PBXBuildFile; fileRef = 18D262382AA796E300652695 /* CommentTableViewCell.swift */; };
		18D2623B2AA7980D00652695 /* Reuseable.swift in Sources */ = {isa = PBXBuildFile; fileRef = 18D2623A2AA7980D00652695 /* Reuseable.swift */; };
		18D262402AA7AB8800652695 /* VideoDescriptionVerticalStackView.swift in Sources */ = {isa = PBXBuildFile; fileRef = 18D2623F2AA7AB8800652695 /* VideoDescriptionVerticalStackView.swift */; };
		18D262422AA7AD3F00652695 /* VideoDescriptionTableViewCell.swift in Sources */ = {isa = PBXBuildFile; fileRef = 18D262412AA7AD3F00652695 /* VideoDescriptionTableViewCell.swift */; };
		18D659092AA5B5FA000468D9 /* AppDelegate.swift in Sources */ = {isa = PBXBuildFile; fileRef = 18D659082AA5B5FA000468D9 /* AppDelegate.swift */; };
		18D6590B2AA5B5FA000468D9 /* SceneDelegate.swift in Sources */ = {isa = PBXBuildFile; fileRef = 18D6590A2AA5B5FA000468D9 /* SceneDelegate.swift */; };
		18D6590D2AA5B5FA000468D9 /* TabBarController.swift in Sources */ = {isa = PBXBuildFile; fileRef = 18D6590C2AA5B5FA000468D9 /* TabBarController.swift */; };
		18D659122AA5B5FC000468D9 /* Assets.xcassets in Resources */ = {isa = PBXBuildFile; fileRef = 18D659112AA5B5FC000468D9 /* Assets.xcassets */; };
		18D659152AA5B5FC000468D9 /* LaunchScreen.storyboard in Resources */ = {isa = PBXBuildFile; fileRef = 18D659132AA5B5FC000468D9 /* LaunchScreen.storyboard */; };
		18D659252AA5B8EC000468D9 /* MyPageViewController.swift in Sources */ = {isa = PBXBuildFile; fileRef = 18D659242AA5B8EC000468D9 /* MyPageViewController.swift */; };
		18D659272AA5B8F8000468D9 /* LikeViewController.swift in Sources */ = {isa = PBXBuildFile; fileRef = 18D659262AA5B8F8000468D9 /* LikeViewController.swift */; };
		18D659292AA5B903000468D9 /* VideoDetailViewController.swift in Sources */ = {isa = PBXBuildFile; fileRef = 18D659282AA5B903000468D9 /* VideoDetailViewController.swift */; };
		18D6592B2AA5B917000468D9 /* SignUpViewController.swift in Sources */ = {isa = PBXBuildFile; fileRef = 18D6592A2AA5B917000468D9 /* SignUpViewController.swift */; };
		18D6592D2AA5B920000468D9 /* LoginViewController.swift in Sources */ = {isa = PBXBuildFile; fileRef = 18D6592C2AA5B920000468D9 /* LoginViewController.swift */; };
		18D659302AA5B95A000468D9 /* ProfileViewController.swift in Sources */ = {isa = PBXBuildFile; fileRef = 18D6592F2AA5B95A000468D9 /* ProfileViewController.swift */; };
		18D659322AA5B971000468D9 /* MainViewController.swift in Sources */ = {isa = PBXBuildFile; fileRef = 18D659312AA5B971000468D9 /* MainViewController.swift */; };
		18D659362AA5B9A9000468D9 /* Font.swift in Sources */ = {isa = PBXBuildFile; fileRef = 18D659352AA5B9A9000468D9 /* Font.swift */; };
		18D659382AA5BA9E000468D9 /* Color.swift in Sources */ = {isa = PBXBuildFile; fileRef = 18D659372AA5BA9E000468D9 /* Color.swift */; };
		18D6593B2AA5E7BE000468D9 /* CommentStackView.swift in Sources */ = {isa = PBXBuildFile; fileRef = 18D6593A2AA5E7BE000468D9 /* CommentStackView.swift */; };
		18D6C3DB2AA8133E0036766F /* APIHandler.swift in Sources */ = {isa = PBXBuildFile; fileRef = 18D6C3DA2AA8133E0036766F /* APIHandler.swift */; };
		18D6C3DD2AA8136F0036766F /* NetworkError.swift in Sources */ = {isa = PBXBuildFile; fileRef = 18D6C3DC2AA8136F0036766F /* NetworkError.swift */; };
		18D6C3DF2AA814350036766F /* APIKEY.swift in Sources */ = {isa = PBXBuildFile; fileRef = 18D6C3DE2AA814350036766F /* APIKEY.swift */; };
		18D6C3E12AA815AD0036766F /* VideoData.swift in Sources */ = {isa = PBXBuildFile; fileRef = 18D6C3E02AA815AD0036766F /* VideoData.swift */; };
		689BC5882AA5D516005BA3A2 /* MembershipViewController.swift in Sources */ = {isa = PBXBuildFile; fileRef = 689BC5872AA5D516005BA3A2 /* MembershipViewController.swift */; };
		689BC58C2AA611A4005BA3A2 /* ProfileMakeViewController.swift in Sources */ = {isa = PBXBuildFile; fileRef = 689BC58B2AA611A4005BA3A2 /* ProfileMakeViewController.swift */; };
		689BC58E2AA73E21005BA3A2 /* UserData.swift in Sources */ = {isa = PBXBuildFile; fileRef = 689BC58D2AA73E21005BA3A2 /* UserData.swift */; };
		689BC5902AA73E32005BA3A2 /* UserDataManager.swift in Sources */ = {isa = PBXBuildFile; fileRef = 689BC58F2AA73E32005BA3A2 /* UserDataManager.swift */; };
		AC6CDEAE2AA727EC00A36674 /* DetailLikeTableViewCell.swift in Sources */ = {isa = PBXBuildFile; fileRef = AC6CDEAD2AA727EC00A36674 /* DetailLikeTableViewCell.swift */; };
		F034B5AB2AA5E0C20019EED2 /* MainTableViewCell.swift in Sources */ = {isa = PBXBuildFile; fileRef = F034B5AA2AA5E0C20019EED2 /* MainTableViewCell.swift */; };
		F0DE6E3B2AA6BB0D00DC03FE /* MainCollectionViewCell.swift in Sources */ = {isa = PBXBuildFile; fileRef = F0DE6E3A2AA6BB0D00DC03FE /* MainCollectionViewCell.swift */; };
/* End PBXBuildFile section */

/* Begin PBXFileReference section */
		109089CB2AA5E587001060A4 /* ProfileTableViewCell.swift */ = {isa = PBXFileReference; lastKnownFileType = sourcecode.swift; path = ProfileTableViewCell.swift; sourceTree = "<group>"; };
		109089CD2AA5F7C4001060A4 /* RecordTableViewCell.swift */ = {isa = PBXFileReference; lastKnownFileType = sourcecode.swift; path = RecordTableViewCell.swift; sourceTree = "<group>"; };
		109089D12AA5F87D001060A4 /* LogoutTableViewCell.swift */ = {isa = PBXFileReference; lastKnownFileType = sourcecode.swift; path = LogoutTableViewCell.swift; sourceTree = "<group>"; };
		10BDAD7F2AA6E3B500DC2F0D /* RecordCollectionViewCell.swift */ = {isa = PBXFileReference; lastKnownFileType = sourcecode.swift; path = RecordCollectionViewCell.swift; sourceTree = "<group>"; };
		10BDAD872AA751F400DC2F0D /* Margin.swift */ = {isa = PBXFileReference; lastKnownFileType = sourcecode.swift; path = Margin.swift; sourceTree = "<group>"; };
		18D262382AA796E300652695 /* CommentTableViewCell.swift */ = {isa = PBXFileReference; lastKnownFileType = sourcecode.swift; path = CommentTableViewCell.swift; sourceTree = "<group>"; };
		18D2623A2AA7980D00652695 /* Reuseable.swift */ = {isa = PBXFileReference; lastKnownFileType = sourcecode.swift; path = Reuseable.swift; sourceTree = "<group>"; };
		18D2623F2AA7AB8800652695 /* VideoDescriptionVerticalStackView.swift */ = {isa = PBXFileReference; lastKnownFileType = sourcecode.swift; path = VideoDescriptionVerticalStackView.swift; sourceTree = "<group>"; };
		18D262412AA7AD3F00652695 /* VideoDescriptionTableViewCell.swift */ = {isa = PBXFileReference; lastKnownFileType = sourcecode.swift; path = VideoDescriptionTableViewCell.swift; sourceTree = "<group>"; };
		18D659052AA5B5FA000468D9 /* BabTube.app */ = {isa = PBXFileReference; explicitFileType = wrapper.application; includeInIndex = 0; path = BabTube.app; sourceTree = BUILT_PRODUCTS_DIR; };
		18D659082AA5B5FA000468D9 /* AppDelegate.swift */ = {isa = PBXFileReference; lastKnownFileType = sourcecode.swift; path = AppDelegate.swift; sourceTree = "<group>"; };
		18D6590A2AA5B5FA000468D9 /* SceneDelegate.swift */ = {isa = PBXFileReference; lastKnownFileType = sourcecode.swift; path = SceneDelegate.swift; sourceTree = "<group>"; };
		18D6590C2AA5B5FA000468D9 /* TabBarController.swift */ = {isa = PBXFileReference; lastKnownFileType = sourcecode.swift; path = TabBarController.swift; sourceTree = "<group>"; };
		18D659112AA5B5FC000468D9 /* Assets.xcassets */ = {isa = PBXFileReference; lastKnownFileType = folder.assetcatalog; path = Assets.xcassets; sourceTree = "<group>"; };
		18D659142AA5B5FC000468D9 /* Base */ = {isa = PBXFileReference; lastKnownFileType = file.storyboard; name = Base; path = Base.lproj/LaunchScreen.storyboard; sourceTree = "<group>"; };
		18D659162AA5B5FC000468D9 /* Info.plist */ = {isa = PBXFileReference; lastKnownFileType = text.plist.xml; path = Info.plist; sourceTree = "<group>"; };
		18D659242AA5B8EC000468D9 /* MyPageViewController.swift */ = {isa = PBXFileReference; lastKnownFileType = sourcecode.swift; path = MyPageViewController.swift; sourceTree = "<group>"; };
		18D659262AA5B8F8000468D9 /* LikeViewController.swift */ = {isa = PBXFileReference; lastKnownFileType = sourcecode.swift; path = LikeViewController.swift; sourceTree = "<group>"; };
		18D659282AA5B903000468D9 /* VideoDetailViewController.swift */ = {isa = PBXFileReference; lastKnownFileType = sourcecode.swift; path = VideoDetailViewController.swift; sourceTree = "<group>"; };
		18D6592A2AA5B917000468D9 /* SignUpViewController.swift */ = {isa = PBXFileReference; lastKnownFileType = sourcecode.swift; path = SignUpViewController.swift; sourceTree = "<group>"; };
		18D6592C2AA5B920000468D9 /* LoginViewController.swift */ = {isa = PBXFileReference; lastKnownFileType = sourcecode.swift; path = LoginViewController.swift; sourceTree = "<group>"; };
		18D6592F2AA5B95A000468D9 /* ProfileViewController.swift */ = {isa = PBXFileReference; lastKnownFileType = sourcecode.swift; path = ProfileViewController.swift; sourceTree = "<group>"; };
		18D659312AA5B971000468D9 /* MainViewController.swift */ = {isa = PBXFileReference; lastKnownFileType = sourcecode.swift; path = MainViewController.swift; sourceTree = "<group>"; };
		18D659352AA5B9A9000468D9 /* Font.swift */ = {isa = PBXFileReference; lastKnownFileType = sourcecode.swift; path = Font.swift; sourceTree = "<group>"; };
		18D659372AA5BA9E000468D9 /* Color.swift */ = {isa = PBXFileReference; lastKnownFileType = sourcecode.swift; path = Color.swift; sourceTree = "<group>"; };
		18D6593A2AA5E7BE000468D9 /* CommentStackView.swift */ = {isa = PBXFileReference; lastKnownFileType = sourcecode.swift; path = CommentStackView.swift; sourceTree = "<group>"; };
		18D6C3DA2AA8133E0036766F /* APIHandler.swift */ = {isa = PBXFileReference; lastKnownFileType = sourcecode.swift; path = APIHandler.swift; sourceTree = "<group>"; };
		18D6C3DC2AA8136F0036766F /* NetworkError.swift */ = {isa = PBXFileReference; lastKnownFileType = sourcecode.swift; path = NetworkError.swift; sourceTree = "<group>"; };
		18D6C3DE2AA814350036766F /* APIKEY.swift */ = {isa = PBXFileReference; lastKnownFileType = sourcecode.swift; path = APIKEY.swift; sourceTree = "<group>"; };
		18D6C3E02AA815AD0036766F /* VideoData.swift */ = {isa = PBXFileReference; lastKnownFileType = sourcecode.swift; path = VideoData.swift; sourceTree = "<group>"; };
		689BC5872AA5D516005BA3A2 /* MembershipViewController.swift */ = {isa = PBXFileReference; lastKnownFileType = sourcecode.swift; path = MembershipViewController.swift; sourceTree = "<group>"; };
		689BC58B2AA611A4005BA3A2 /* ProfileMakeViewController.swift */ = {isa = PBXFileReference; lastKnownFileType = sourcecode.swift; path = ProfileMakeViewController.swift; sourceTree = "<group>"; };
		689BC58D2AA73E21005BA3A2 /* UserData.swift */ = {isa = PBXFileReference; lastKnownFileType = sourcecode.swift; path = UserData.swift; sourceTree = "<group>"; };
		689BC58F2AA73E32005BA3A2 /* UserDataManager.swift */ = {isa = PBXFileReference; lastKnownFileType = sourcecode.swift; path = UserDataManager.swift; sourceTree = "<group>"; };
		AC6CDEAD2AA727EC00A36674 /* DetailLikeTableViewCell.swift */ = {isa = PBXFileReference; lastKnownFileType = sourcecode.swift; path = DetailLikeTableViewCell.swift; sourceTree = "<group>"; };
		F034B5AA2AA5E0C20019EED2 /* MainTableViewCell.swift */ = {isa = PBXFileReference; lastKnownFileType = sourcecode.swift; path = MainTableViewCell.swift; sourceTree = "<group>"; };
		F0DE6E3A2AA6BB0D00DC03FE /* MainCollectionViewCell.swift */ = {isa = PBXFileReference; lastKnownFileType = sourcecode.swift; path = MainCollectionViewCell.swift; sourceTree = "<group>"; };
/* End PBXFileReference section */

/* Begin PBXFrameworksBuildPhase section */
		18D659022AA5B5FA000468D9 /* Frameworks */ = {
			isa = PBXFrameworksBuildPhase;
			buildActionMask = 2147483647;
			files = (
			);
			runOnlyForDeploymentPostprocessing = 0;
		};
/* End PBXFrameworksBuildPhase section */

/* Begin PBXGroup section */
		109089D32AA5F893001060A4 /* MyPageTableViewCell */ = {
			isa = PBXGroup;
			children = (
				109089CB2AA5E587001060A4 /* ProfileTableViewCell.swift */,
				109089CD2AA5F7C4001060A4 /* RecordTableViewCell.swift */,
				10BDAD7F2AA6E3B500DC2F0D /* RecordCollectionViewCell.swift */,
				109089D12AA5F87D001060A4 /* LogoutTableViewCell.swift */,
			);
			path = MyPageTableViewCell;
			sourceTree = "<group>";
		};
		18D658FC2AA5B5FA000468D9 = {
			isa = PBXGroup;
			children = (
				18D659072AA5B5FA000468D9 /* BabTube */,
				18D659062AA5B5FA000468D9 /* Products */,
			);
			sourceTree = "<group>";
		};
		18D659062AA5B5FA000468D9 /* Products */ = {
			isa = PBXGroup;
			children = (
				18D659052AA5B5FA000468D9 /* BabTube.app */,
			);
			name = Products;
			sourceTree = "<group>";
		};
		18D659072AA5B5FA000468D9 /* BabTube */ = {
			isa = PBXGroup;
			children = (
				18D6C3D92AA8132F0036766F /* Model */,
				18D659342AA5B99C000468D9 /* Util */,
				18D659332AA5B976000468D9 /* TabbarViewController */,
				18D6592E2AA5B944000468D9 /* ProfileViewController */,
				18D659212AA5B8B6000468D9 /* MyPageViewController */,
				18D659202AA5B8AD000468D9 /* LikeViewController */,
				18D6591F2AA5B86D000468D9 /* VideoDetailViewController */,
				18D6591E2AA5B827000468D9 /* SignUpViewController */,
				18D6591D2AA5B7F9000468D9 /* LoginViewController */,
				18D6591C2AA5B7B9000468D9 /* MainViewContoller */,
				18D659082AA5B5FA000468D9 /* AppDelegate.swift */,
				18D6590A2AA5B5FA000468D9 /* SceneDelegate.swift */,
				18D659112AA5B5FC000468D9 /* Assets.xcassets */,
				18D659132AA5B5FC000468D9 /* LaunchScreen.storyboard */,
				18D659162AA5B5FC000468D9 /* Info.plist */,
				18D6C3DE2AA814350036766F /* APIKEY.swift */,
			);
			path = BabTube;
			sourceTree = "<group>";
		};
		18D6591C2AA5B7B9000468D9 /* MainViewContoller */ = {
			isa = PBXGroup;
			children = (
				18D659312AA5B971000468D9 /* MainViewController.swift */,
				F034B5AA2AA5E0C20019EED2 /* MainTableViewCell.swift */,
				F0DE6E3A2AA6BB0D00DC03FE /* MainCollectionViewCell.swift */,
			);
			path = MainViewContoller;
			sourceTree = "<group>";
		};
		18D6591D2AA5B7F9000468D9 /* LoginViewController */ = {
			isa = PBXGroup;
			children = (
				18D6592C2AA5B920000468D9 /* LoginViewController.swift */,
				689BC5872AA5D516005BA3A2 /* MembershipViewController.swift */,
				689BC58B2AA611A4005BA3A2 /* ProfileMakeViewController.swift */,
				689BC58D2AA73E21005BA3A2 /* UserData.swift */,
				689BC58F2AA73E32005BA3A2 /* UserDataManager.swift */,
			);
			path = LoginViewController;
			sourceTree = "<group>";
		};
		18D6591E2AA5B827000468D9 /* SignUpViewController */ = {
			isa = PBXGroup;
			children = (
				18D6592A2AA5B917000468D9 /* SignUpViewController.swift */,
			);
			path = SignUpViewController;
			sourceTree = "<group>";
		};
		18D6591F2AA5B86D000468D9 /* VideoDetailViewController */ = {
			isa = PBXGroup;
			children = (
				18D659392AA5DEEF000468D9 /* View */,
				18D659282AA5B903000468D9 /* VideoDetailViewController.swift */,
			);
			path = VideoDetailViewController;
			sourceTree = "<group>";
		};
		18D659202AA5B8AD000468D9 /* LikeViewController */ = {
			isa = PBXGroup;
			children = (
				18D659262AA5B8F8000468D9 /* LikeViewController.swift */,
				AC6CDEAD2AA727EC00A36674 /* DetailLikeTableViewCell.swift */,
			);
			path = LikeViewController;
			sourceTree = "<group>";
		};
		18D659212AA5B8B6000468D9 /* MyPageViewController */ = {
			isa = PBXGroup;
			children = (
				18D659242AA5B8EC000468D9 /* MyPageViewController.swift */,
				109089D32AA5F893001060A4 /* MyPageTableViewCell */,
			);
			path = MyPageViewController;
			sourceTree = "<group>";
		};
		18D6592E2AA5B944000468D9 /* ProfileViewController */ = {
			isa = PBXGroup;
			children = (
				18D6592F2AA5B95A000468D9 /* ProfileViewController.swift */,
			);
			path = ProfileViewController;
			sourceTree = "<group>";
		};
		18D659332AA5B976000468D9 /* TabbarViewController */ = {
			isa = PBXGroup;
			children = (
				18D6590C2AA5B5FA000468D9 /* TabBarController.swift */,
			);
			path = TabbarViewController;
			sourceTree = "<group>";
		};
		18D659342AA5B99C000468D9 /* Util */ = {
			isa = PBXGroup;
			children = (
				18D659352AA5B9A9000468D9 /* Font.swift */,
				18D659372AA5BA9E000468D9 /* Color.swift */,
				18D2623A2AA7980D00652695 /* Reuseable.swift */,
				10BDAD872AA751F400DC2F0D /* Margin.swift */,
				18D6C3DA2AA8133E0036766F /* APIHandler.swift */,
				18D6C3DC2AA8136F0036766F /* NetworkError.swift */,
			);
			path = Util;
			sourceTree = "<group>";
		};
		18D659392AA5DEEF000468D9 /* View */ = {
			isa = PBXGroup;
			children = (
				18D6593A2AA5E7BE000468D9 /* CommentStackView.swift */,
				18D262382AA796E300652695 /* CommentTableViewCell.swift */,
				18D2623F2AA7AB8800652695 /* VideoDescriptionVerticalStackView.swift */,
				18D262412AA7AD3F00652695 /* VideoDescriptionTableViewCell.swift */,
			);
			path = View;
			sourceTree = "<group>";
		};
		18D6C3D92AA8132F0036766F /* Model */ = {
			isa = PBXGroup;
			children = (
				18D6C3E02AA815AD0036766F /* VideoData.swift */,
			);
			path = Model;
			sourceTree = "<group>";
		};
/* End PBXGroup section */

/* Begin PBXNativeTarget section */
		18D659042AA5B5FA000468D9 /* BabTube */ = {
			isa = PBXNativeTarget;
			buildConfigurationList = 18D659192AA5B5FC000468D9 /* Build configuration list for PBXNativeTarget "BabTube" */;
			buildPhases = (
				18D659012AA5B5FA000468D9 /* Sources */,
				18D659022AA5B5FA000468D9 /* Frameworks */,
				18D659032AA5B5FA000468D9 /* Resources */,
			);
			buildRules = (
			);
			dependencies = (
			);
			name = BabTube;
			productName = BabTube;
			productReference = 18D659052AA5B5FA000468D9 /* BabTube.app */;
			productType = "com.apple.product-type.application";
		};
/* End PBXNativeTarget section */

/* Begin PBXProject section */
		18D658FD2AA5B5FA000468D9 /* Project object */ = {
			isa = PBXProject;
			attributes = {
				BuildIndependentTargetsInParallel = 1;
				LastSwiftUpdateCheck = 1430;
				LastUpgradeCheck = 1430;
				TargetAttributes = {
					18D659042AA5B5FA000468D9 = {
						CreatedOnToolsVersion = 14.3.1;
					};
				};
			};
			buildConfigurationList = 18D659002AA5B5FA000468D9 /* Build configuration list for PBXProject "BabTube" */;
			compatibilityVersion = "Xcode 14.0";
			developmentRegion = en;
			hasScannedForEncodings = 0;
			knownRegions = (
				en,
				Base,
			);
			mainGroup = 18D658FC2AA5B5FA000468D9;
			productRefGroup = 18D659062AA5B5FA000468D9 /* Products */;
			projectDirPath = "";
			projectRoot = "";
			targets = (
				18D659042AA5B5FA000468D9 /* BabTube */,
			);
		};
/* End PBXProject section */

/* Begin PBXResourcesBuildPhase section */
		18D659032AA5B5FA000468D9 /* Resources */ = {
			isa = PBXResourcesBuildPhase;
			buildActionMask = 2147483647;
			files = (
				18D659152AA5B5FC000468D9 /* LaunchScreen.storyboard in Resources */,
				18D659122AA5B5FC000468D9 /* Assets.xcassets in Resources */,
			);
			runOnlyForDeploymentPostprocessing = 0;
		};
/* End PBXResourcesBuildPhase section */

/* Begin PBXSourcesBuildPhase section */
		18D659012AA5B5FA000468D9 /* Sources */ = {
			isa = PBXSourcesBuildPhase;
			buildActionMask = 2147483647;
			files = (
				F034B5AB2AA5E0C20019EED2 /* MainTableViewCell.swift in Sources */,
				18D6590D2AA5B5FA000468D9 /* TabBarController.swift in Sources */,
				10BDAD802AA6E3B500DC2F0D /* RecordCollectionViewCell.swift in Sources */,
				109089D22AA5F87D001060A4 /* LogoutTableViewCell.swift in Sources */,
				18D659362AA5B9A9000468D9 /* Font.swift in Sources */,
				18D6C3DD2AA8136F0036766F /* NetworkError.swift in Sources */,
				18D2623B2AA7980D00652695 /* Reuseable.swift in Sources */,
				689BC58C2AA611A4005BA3A2 /* ProfileMakeViewController.swift in Sources */,
				109089CE2AA5F7C4001060A4 /* RecordTableViewCell.swift in Sources */,
				18D6592B2AA5B917000468D9 /* SignUpViewController.swift in Sources */,
				18D6C3DF2AA814350036766F /* APIKEY.swift in Sources */,
				689BC5902AA73E32005BA3A2 /* UserDataManager.swift in Sources */,
				689BC5882AA5D516005BA3A2 /* MembershipViewController.swift in Sources */,
				18D659292AA5B903000468D9 /* VideoDetailViewController.swift in Sources */,
				689BC58E2AA73E21005BA3A2 /* UserData.swift in Sources */,
				18D659092AA5B5FA000468D9 /* AppDelegate.swift in Sources */,
				10BDAD882AA751F400DC2F0D /* Margin.swift in Sources */,
				18D659382AA5BA9E000468D9 /* Color.swift in Sources */,
				F0DE6E3B2AA6BB0D00DC03FE /* MainCollectionViewCell.swift in Sources */,
				18D6592D2AA5B920000468D9 /* LoginViewController.swift in Sources */,
				18D262402AA7AB8800652695 /* VideoDescriptionVerticalStackView.swift in Sources */,
				18D262422AA7AD3F00652695 /* VideoDescriptionTableViewCell.swift in Sources */,
				18D262392AA796E300652695 /* CommentTableViewCell.swift in Sources */,
				AC6CDEAE2AA727EC00A36674 /* DetailLikeTableViewCell.swift in Sources */,
				18D6590B2AA5B5FA000468D9 /* SceneDelegate.swift in Sources */,
				18D6C3E12AA815AD0036766F /* VideoData.swift in Sources */,
				109089CC2AA5E587001060A4 /* ProfileTableViewCell.swift in Sources */,
				18D659302AA5B95A000468D9 /* ProfileViewController.swift in Sources */,
				18D659252AA5B8EC000468D9 /* MyPageViewController.swift in Sources */,
				18D659272AA5B8F8000468D9 /* LikeViewController.swift in Sources */,
				18D6C3DB2AA8133E0036766F /* APIHandler.swift in Sources */,
				18D659322AA5B971000468D9 /* MainViewController.swift in Sources */,
				18D6593B2AA5E7BE000468D9 /* CommentStackView.swift in Sources */,
			);
			runOnlyForDeploymentPostprocessing = 0;
		};
/* End PBXSourcesBuildPhase section */

/* Begin PBXVariantGroup section */
		18D659132AA5B5FC000468D9 /* LaunchScreen.storyboard */ = {
			isa = PBXVariantGroup;
			children = (
				18D659142AA5B5FC000468D9 /* Base */,
			);
			name = LaunchScreen.storyboard;
			sourceTree = "<group>";
		};
/* End PBXVariantGroup section */

/* Begin XCBuildConfiguration section */
		18D659172AA5B5FC000468D9 /* Debug */ = {
			isa = XCBuildConfiguration;
			buildSettings = {
				ALWAYS_SEARCH_USER_PATHS = NO;
				CLANG_ANALYZER_NONNULL = YES;
				CLANG_ANALYZER_NUMBER_OBJECT_CONVERSION = YES_AGGRESSIVE;
				CLANG_CXX_LANGUAGE_STANDARD = "gnu++20";
				CLANG_ENABLE_MODULES = YES;
				CLANG_ENABLE_OBJC_ARC = YES;
				CLANG_ENABLE_OBJC_WEAK = YES;
				CLANG_WARN_BLOCK_CAPTURE_AUTORELEASING = YES;
				CLANG_WARN_BOOL_CONVERSION = YES;
				CLANG_WARN_COMMA = YES;
				CLANG_WARN_CONSTANT_CONVERSION = YES;
				CLANG_WARN_DEPRECATED_OBJC_IMPLEMENTATIONS = YES;
				CLANG_WARN_DIRECT_OBJC_ISA_USAGE = YES_ERROR;
				CLANG_WARN_DOCUMENTATION_COMMENTS = YES;
				CLANG_WARN_EMPTY_BODY = YES;
				CLANG_WARN_ENUM_CONVERSION = YES;
				CLANG_WARN_INFINITE_RECURSION = YES;
				CLANG_WARN_INT_CONVERSION = YES;
				CLANG_WARN_NON_LITERAL_NULL_CONVERSION = YES;
				CLANG_WARN_OBJC_IMPLICIT_RETAIN_SELF = YES;
				CLANG_WARN_OBJC_LITERAL_CONVERSION = YES;
				CLANG_WARN_OBJC_ROOT_CLASS = YES_ERROR;
				CLANG_WARN_QUOTED_INCLUDE_IN_FRAMEWORK_HEADER = YES;
				CLANG_WARN_RANGE_LOOP_ANALYSIS = YES;
				CLANG_WARN_STRICT_PROTOTYPES = YES;
				CLANG_WARN_SUSPICIOUS_MOVE = YES;
				CLANG_WARN_UNGUARDED_AVAILABILITY = YES_AGGRESSIVE;
				CLANG_WARN_UNREACHABLE_CODE = YES;
				CLANG_WARN__DUPLICATE_METHOD_MATCH = YES;
				COPY_PHASE_STRIP = NO;
				DEBUG_INFORMATION_FORMAT = dwarf;
				ENABLE_STRICT_OBJC_MSGSEND = YES;
				ENABLE_TESTABILITY = YES;
				GCC_C_LANGUAGE_STANDARD = gnu11;
				GCC_DYNAMIC_NO_PIC = NO;
				GCC_NO_COMMON_BLOCKS = YES;
				GCC_OPTIMIZATION_LEVEL = 0;
				GCC_PREPROCESSOR_DEFINITIONS = (
					"DEBUG=1",
					"$(inherited)",
				);
				GCC_WARN_64_TO_32_BIT_CONVERSION = YES;
				GCC_WARN_ABOUT_RETURN_TYPE = YES_ERROR;
				GCC_WARN_UNDECLARED_SELECTOR = YES;
				GCC_WARN_UNINITIALIZED_AUTOS = YES_AGGRESSIVE;
				GCC_WARN_UNUSED_FUNCTION = YES;
				GCC_WARN_UNUSED_VARIABLE = YES;
				IPHONEOS_DEPLOYMENT_TARGET = 15.0;
				MTL_ENABLE_DEBUG_INFO = INCLUDE_SOURCE;
				MTL_FAST_MATH = YES;
				ONLY_ACTIVE_ARCH = YES;
				SDKROOT = iphoneos;
				SWIFT_ACTIVE_COMPILATION_CONDITIONS = DEBUG;
				SWIFT_OPTIMIZATION_LEVEL = "-Onone";
			};
			name = Debug;
		};
		18D659182AA5B5FC000468D9 /* Release */ = {
			isa = XCBuildConfiguration;
			buildSettings = {
				ALWAYS_SEARCH_USER_PATHS = NO;
				CLANG_ANALYZER_NONNULL = YES;
				CLANG_ANALYZER_NUMBER_OBJECT_CONVERSION = YES_AGGRESSIVE;
				CLANG_CXX_LANGUAGE_STANDARD = "gnu++20";
				CLANG_ENABLE_MODULES = YES;
				CLANG_ENABLE_OBJC_ARC = YES;
				CLANG_ENABLE_OBJC_WEAK = YES;
				CLANG_WARN_BLOCK_CAPTURE_AUTORELEASING = YES;
				CLANG_WARN_BOOL_CONVERSION = YES;
				CLANG_WARN_COMMA = YES;
				CLANG_WARN_CONSTANT_CONVERSION = YES;
				CLANG_WARN_DEPRECATED_OBJC_IMPLEMENTATIONS = YES;
				CLANG_WARN_DIRECT_OBJC_ISA_USAGE = YES_ERROR;
				CLANG_WARN_DOCUMENTATION_COMMENTS = YES;
				CLANG_WARN_EMPTY_BODY = YES;
				CLANG_WARN_ENUM_CONVERSION = YES;
				CLANG_WARN_INFINITE_RECURSION = YES;
				CLANG_WARN_INT_CONVERSION = YES;
				CLANG_WARN_NON_LITERAL_NULL_CONVERSION = YES;
				CLANG_WARN_OBJC_IMPLICIT_RETAIN_SELF = YES;
				CLANG_WARN_OBJC_LITERAL_CONVERSION = YES;
				CLANG_WARN_OBJC_ROOT_CLASS = YES_ERROR;
				CLANG_WARN_QUOTED_INCLUDE_IN_FRAMEWORK_HEADER = YES;
				CLANG_WARN_RANGE_LOOP_ANALYSIS = YES;
				CLANG_WARN_STRICT_PROTOTYPES = YES;
				CLANG_WARN_SUSPICIOUS_MOVE = YES;
				CLANG_WARN_UNGUARDED_AVAILABILITY = YES_AGGRESSIVE;
				CLANG_WARN_UNREACHABLE_CODE = YES;
				CLANG_WARN__DUPLICATE_METHOD_MATCH = YES;
				COPY_PHASE_STRIP = NO;
				DEBUG_INFORMATION_FORMAT = "dwarf-with-dsym";
				ENABLE_NS_ASSERTIONS = NO;
				ENABLE_STRICT_OBJC_MSGSEND = YES;
				GCC_C_LANGUAGE_STANDARD = gnu11;
				GCC_NO_COMMON_BLOCKS = YES;
				GCC_WARN_64_TO_32_BIT_CONVERSION = YES;
				GCC_WARN_ABOUT_RETURN_TYPE = YES_ERROR;
				GCC_WARN_UNDECLARED_SELECTOR = YES;
				GCC_WARN_UNINITIALIZED_AUTOS = YES_AGGRESSIVE;
				GCC_WARN_UNUSED_FUNCTION = YES;
				GCC_WARN_UNUSED_VARIABLE = YES;
				IPHONEOS_DEPLOYMENT_TARGET = 15.0;
				MTL_ENABLE_DEBUG_INFO = NO;
				MTL_FAST_MATH = YES;
				SDKROOT = iphoneos;
				SWIFT_COMPILATION_MODE = wholemodule;
				SWIFT_OPTIMIZATION_LEVEL = "-O";
				VALIDATE_PRODUCT = YES;
			};
			name = Release;
		};
		18D6591A2AA5B5FC000468D9 /* Debug */ = {
			isa = XCBuildConfiguration;
			buildSettings = {
				ASSETCATALOG_COMPILER_APPICON_NAME = AppIcon;
				ASSETCATALOG_COMPILER_GLOBAL_ACCENT_COLOR_NAME = AccentColor;
				CODE_SIGN_STYLE = Automatic;
				CURRENT_PROJECT_VERSION = 1;
				GENERATE_INFOPLIST_FILE = YES;
				INFOPLIST_FILE = BabTube/Info.plist;
				INFOPLIST_KEY_UIApplicationSupportsIndirectInputEvents = YES;
				INFOPLIST_KEY_UILaunchStoryboardName = LaunchScreen;
				INFOPLIST_KEY_UISupportedInterfaceOrientations_iPad = "UIInterfaceOrientationPortrait UIInterfaceOrientationPortraitUpsideDown UIInterfaceOrientationLandscapeLeft UIInterfaceOrientationLandscapeRight";
				INFOPLIST_KEY_UISupportedInterfaceOrientations_iPhone = "UIInterfaceOrientationPortrait UIInterfaceOrientationLandscapeLeft UIInterfaceOrientationLandscapeRight";
				IPHONEOS_DEPLOYMENT_TARGET = 15.0;
				LD_RUNPATH_SEARCH_PATHS = (
					"$(inherited)",
					"@executable_path/Frameworks",
				);
				MARKETING_VERSION = 1.0;
				PRODUCT_BUNDLE_IDENTIFIER = KD.BabTube;
				PRODUCT_NAME = "$(TARGET_NAME)";
				SWIFT_EMIT_LOC_STRINGS = YES;
				SWIFT_VERSION = 5.0;
				TARGETED_DEVICE_FAMILY = "1,2";
			};
			name = Debug;
		};
		18D6591B2AA5B5FC000468D9 /* Release */ = {
			isa = XCBuildConfiguration;
			buildSettings = {
				ASSETCATALOG_COMPILER_APPICON_NAME = AppIcon;
				ASSETCATALOG_COMPILER_GLOBAL_ACCENT_COLOR_NAME = AccentColor;
				CODE_SIGN_STYLE = Automatic;
				CURRENT_PROJECT_VERSION = 1;
				GENERATE_INFOPLIST_FILE = YES;
				INFOPLIST_FILE = BabTube/Info.plist;
				INFOPLIST_KEY_UIApplicationSupportsIndirectInputEvents = YES;
				INFOPLIST_KEY_UILaunchStoryboardName = LaunchScreen;
				INFOPLIST_KEY_UISupportedInterfaceOrientations_iPad = "UIInterfaceOrientationPortrait UIInterfaceOrientationPortraitUpsideDown UIInterfaceOrientationLandscapeLeft UIInterfaceOrientationLandscapeRight";
				INFOPLIST_KEY_UISupportedInterfaceOrientations_iPhone = "UIInterfaceOrientationPortrait UIInterfaceOrientationLandscapeLeft UIInterfaceOrientationLandscapeRight";
				IPHONEOS_DEPLOYMENT_TARGET = 15.0;
				LD_RUNPATH_SEARCH_PATHS = (
					"$(inherited)",
					"@executable_path/Frameworks",
				);
				MARKETING_VERSION = 1.0;
				PRODUCT_BUNDLE_IDENTIFIER = KD.BabTube;
				PRODUCT_NAME = "$(TARGET_NAME)";
				SWIFT_EMIT_LOC_STRINGS = YES;
				SWIFT_VERSION = 5.0;
				TARGETED_DEVICE_FAMILY = "1,2";
			};
			name = Release;
		};
/* End XCBuildConfiguration section */

/* Begin XCConfigurationList section */
		18D659002AA5B5FA000468D9 /* Build configuration list for PBXProject "BabTube" */ = {
			isa = XCConfigurationList;
			buildConfigurations = (
				18D659172AA5B5FC000468D9 /* Debug */,
				18D659182AA5B5FC000468D9 /* Release */,
			);
			defaultConfigurationIsVisible = 0;
			defaultConfigurationName = Release;
		};
		18D659192AA5B5FC000468D9 /* Build configuration list for PBXNativeTarget "BabTube" */ = {
			isa = XCConfigurationList;
			buildConfigurations = (
				18D6591A2AA5B5FC000468D9 /* Debug */,
				18D6591B2AA5B5FC000468D9 /* Release */,
			);
			defaultConfigurationIsVisible = 0;
			defaultConfigurationName = Release;
		};
/* End XCConfigurationList section */
	};
	rootObject = 18D658FD2AA5B5FA000468D9 /* Project object */;
}
